<?xml version="1.0" encoding="UTF-8" standalone="yes" ?>
<CodeBlocks_project_file>
	<FileVersion major="1" minor="6" />
	<Project>
		<Option title="SkyvoMath" />
		<Option makefile="SConstruct" />
		<Option makefile_is_custom="1" />
		<Option pch_mode="2" />
		<Option compiler="gcc" />
		<Build>
			<Target title="debug_lib">
				<Option output="bin/debug/SkyvoMath" prefix_auto="1" extension_auto="1" />
				<Option object_output="obj/debug/" />
				<Option type="1" />
				<Option compiler="gcc" />
				<Compiler>
					<Add option="-g" />
				</Compiler>
			</Target>
			<Target title="release_lib">
				<Option output="bin/release/SkyvoMath" prefix_auto="1" extension_auto="1" />
				<Option object_output="obj/release/" />
				<Option type="1" />
				<Option compiler="gcc" />
				<Compiler>
					<Add option="-O2" />
				</Compiler>
				<Linker>
					<Add option="-s" />
				</Linker>
			</Target>
			<Target title="unit_test">
				<Option output="./bin/mingw32/unit_test/unit_test" prefix_auto="1" extension_auto="1" />
				<Option working_dir="./bin/mingw32/unit_test/" />
				<Option type="1" />
				<Option compiler="gcc" />
			</Target>
			<Target title="run_test">
				<Option output="./bin/mingw32/unit_test/unit_test" prefix_auto="1" extension_auto="1" />
				<Option working_dir="./bin/mingw32/unit_test/" />
				<Option type="1" />
				<Option compiler="gcc" />
			</Target>
		</Build>
		<Compiler>
			<Add option="-Wall" />
			<Add option="-fexceptions" />
		</Compiler>
		<Unit filename="include/Box.h">
			<Option target="debug_lib" />
			<Option target="release_lib" />
			<Option target="unit_test" />
		</Unit>
		<Unit filename="include/Point.h">
			<Option target="debug_lib" />
			<Option target="release_lib" />
			<Option target="unit_test" />
		</Unit>
		<Unit filename="include/SVector2.h">
			<Option target="debug_lib" />
			<Option target="release_lib" />
			<Option target="unit_test" />
		</Unit>
		<Unit filename="include/SkyvoMathDateVersion.h">
			<Option target="debug_lib" />
			<Option target="release_lib" />
			<Option target="unit_test" />
		</Unit>
		<Unit filename="src/Box.cpp">
			<Option target="debug_lib" />
			<Option target="release_lib" />
			<Option target="unit_test" />
		</Unit>
		<Unit filename="src/Point.cpp">
			<Option target="debug_lib" />
			<Option target="release_lib" />
			<Option target="unit_test" />
		</Unit>
		<Unit filename="src/SVector2.cpp">
			<Option target="debug_lib" />
			<Option target="release_lib" />
			<Option target="unit_test" />
		</Unit>
		<Unit filename="src/SkyvoMathDateVersion.cpp">
			<Option target="debug_lib" />
			<Option target="release_lib" />
			<Option target="unit_test" />
		</Unit>
		<Unit filename="test/BoxTest.cpp">
			<Option target="unit_test" />
		</Unit>
		<Unit filename="test/PointTest.cpp">
			<Option target="unit_test" />
		</Unit>
		<Unit filename="test/SVectorTest.cpp">
			<Option target="unit_test" />
		</Unit>
		<Unit filename="test/SkyvoMathDateVersionTest.cpp">
			<Option target="unit_test" />
		</Unit>
		<Extensions>
			<code_completion />
			<envvars />
			<debugger />
		</Extensions>
	</Project>
</CodeBlocks_project_file>
